
Microsoft Visual Studio Solution File, Format Version 12.00
# Visual Studio Version 16
VisualStudioVersion = 16.0.30503.244
MinimumVisualStudioVersion = 10.0.40219.1
Project("{FAE04EC0-301F-11D3-BF4B-00C04F79EFBC}") = "StringAndStringBuilder", "StringAndStringBuilder\StringAndStringBuilder.csproj", "{56128171-56F5-4F2A-98A4-120687E21035}"
EndProject
Global
	GlobalSection(SolutionConfigurationPlatforms) = preSolution
		Debug|Any CPU = Debug|Any CPU
		Release|Any CPU = Release|Any CPU
	EndGlobalSection
	GlobalSection(ProjectConfigurationPlatforms) = postSolution
		{56128171-56F5-4F2A-98A4-120687E21035}.Debug|Any CPU.ActiveCfg = Debug|Any CPU
		{56128171-56F5-4F2A-98A4-120687E21035}.Debug|Any CPU.Build.0 = Debug|Any CPU
		{56128171-56F5-4F2A-98A4-120687E21035}.Release|Any CPU.ActiveCfg = Release|Any CPU
		{56128171-56F5-4F2A-98A4-120687E21035}.Release|Any CPU.Build.0 = Release|Any CPU
	EndGlobalSection
	GlobalSection(SolutionProperties) = preSolution
		HideSolutionNode = FALSE
	EndGlobalSection
	GlobalSection(ExtensibilityGlobals) = postSolution
		SolutionGuid = {201D5069-E220-4F11-AAA7-89D6D0C0EADF}
	EndGlobalSection
EndGlobal
